
Microsoft Visual Studio Solution File, Format Version 12.00
# Visual Studio Version 17
VisualStudioVersion = 17.14.36127.28
MinimumVisualStudioVersion = 10.0.40219.1
Project("{FAE04EC0-301F-11D3-BF4B-00C04F79EFBC}") = "AfterWindowsInstaller.App", "AfterWindowsInstaller.App\AfterWindowsInstaller.App.csproj", "{2DE99197-F8D8-4789-8594-C71C9F882348}"
EndProject
Project("{FAE04EC0-301F-11D3-BF4B-00C04F79EFBC}") = "AfterWindowsInstaller.Core", "AfterWindowsInstaller.Core\AfterWindowsInstaller.Core.csproj", "{A6672974-C796-4747-99EB-542A61A27FDB}"
EndProject
Project("{FAE04EC0-301F-11D3-BF4B-00C04F79EFBC}") = "AfterWindowsInstaller.infrastructure", "AfterWindowsInstaller.infrastructure\AfterWindowsInstaller.infrastructure.csproj", "{FE7B207D-9DA9-4CB4-AFD7-FAEFA72A9575}"
EndProject
Project("{2150E333-8FDC-42A3-9474-1A3956D46DE8}") = "Another Installer", "Another Installer", "{02EA681E-C7D8-13C7-8484-4AC65E1B71E8}"
	ProjectSection(SolutionItems) = preProject
		Another Installer\MiniBin-6.1.1.1.exe = Another Installer\MiniBin-6.1.1.1.exe
		Another Installer\picasa-3-9-141-259.exe = Another Installer\picasa-3-9-141-259.exe
	EndProjectSection
EndProject
Global
	GlobalSection(SolutionConfigurationPlatforms) = preSolution
		Debug|Any CPU = Debug|Any CPU
		Release|Any CPU = Release|Any CPU
	EndGlobalSection
	GlobalSection(ProjectConfigurationPlatforms) = postSolution
		{2DE99197-F8D8-4789-8594-C71C9F882348}.Debug|Any CPU.ActiveCfg = Debug|Any CPU
		{2DE99197-F8D8-4789-8594-C71C9F882348}.Debug|Any CPU.Build.0 = Debug|Any CPU
		{2DE99197-F8D8-4789-8594-C71C9F882348}.Release|Any CPU.ActiveCfg = Release|Any CPU
		{2DE99197-F8D8-4789-8594-C71C9F882348}.Release|Any CPU.Build.0 = Release|Any CPU
		{A6672974-C796-4747-99EB-542A61A27FDB}.Debug|Any CPU.ActiveCfg = Debug|Any CPU
		{A6672974-C796-4747-99EB-542A61A27FDB}.Debug|Any CPU.Build.0 = Debug|Any CPU
		{A6672974-C796-4747-99EB-542A61A27FDB}.Release|Any CPU.ActiveCfg = Release|Any CPU
		{A6672974-C796-4747-99EB-542A61A27FDB}.Release|Any CPU.Build.0 = Release|Any CPU
		{FE7B207D-9DA9-4CB4-AFD7-FAEFA72A9575}.Debug|Any CPU.ActiveCfg = Debug|Any CPU
		{FE7B207D-9DA9-4CB4-AFD7-FAEFA72A9575}.Debug|Any CPU.Build.0 = Debug|Any CPU
		{FE7B207D-9DA9-4CB4-AFD7-FAEFA72A9575}.Release|Any CPU.ActiveCfg = Release|Any CPU
		{FE7B207D-9DA9-4CB4-AFD7-FAEFA72A9575}.Release|Any CPU.Build.0 = Release|Any CPU
	EndGlobalSection
	GlobalSection(SolutionProperties) = preSolution
		HideSolutionNode = FALSE
	EndGlobalSection
	GlobalSection(ExtensibilityGlobals) = postSolution
		SolutionGuid = {8CE14E27-98FD-47F4-A1D6-3589B78982DB}
	EndGlobalSection
EndGlobal
